// !$*UTF8*$!
{
	archiveVersion = 1;
	classes = {
	};
	objectVersion = 50;
	objects = {

/* Begin PBXBuildFile section */
		AD0D26EB21BE4201008AB4F8 /* main.swift in Sources */ = {isa = PBXBuildFile; fileRef = AD0D26EA21BE4201008AB4F8 /* main.swift */; };
		AD0D26ED21BE4214008AB4F8 /* input.swift in Sources */ = {isa = PBXBuildFile; fileRef = AD0D26EC21BE4214008AB4F8 /* input.swift */; };
		AD0D26EF21BE4389008AB4F8 /* particle.swift in Sources */ = {isa = PBXBuildFile; fileRef = AD0D26EE21BE4389008AB4F8 /* particle.swift */; };
		ADAA98AF21B71F630009ABB9 /* StringExtentions.swift in Sources */ = {isa = PBXBuildFile; fileRef = ADAA98AE21B71F630009ABB9 /* StringExtentions.swift */; };
		ADAA98B121B7260D0009ABB9 /* Tanspose.swift in Sources */ = {isa = PBXBuildFile; fileRef = ADAA98B021B7260D0009ABB9 /* Tanspose.swift */; };
		ADB201CC21BBDDB3008D3137 /* Tree.swift in Sources */ = {isa = PBXBuildFile; fileRef = ADB201CB21BBDDB3008D3137 /* Tree.swift */; };
/* End PBXBuildFile section */

/* Begin PBXCopyFilesBuildPhase section */
		ADFF3A4821B40386006B084A /* CopyFiles */ = {
			isa = PBXCopyFilesBuildPhase;
			buildActionMask = 2147483647;
			dstPath = /usr/share/man/man1/;
			dstSubfolderSpec = 0;
			files = (
			);
			runOnlyForDeploymentPostprocessing = 1;
		};
/* End PBXCopyFilesBuildPhase section */

/* Begin PBXFileReference section */
		AD0A480F21B7EE3600226107 /* String+ToggledCase.swift */ = {isa = PBXFileReference; lastKnownFileType = sourcecode.swift; path = "String+ToggledCase.swift"; sourceTree = "<group>"; };
		AD0A48B121B94B8100226107 /* input.swift */ = {isa = PBXFileReference; lastKnownFileType = sourcecode.swift; path = input.swift; sourceTree = "<group>"; };
		AD0A48B321B94C9F00226107 /* main.swift */ = {isa = PBXFileReference; lastKnownFileType = sourcecode.swift; path = main.swift; sourceTree = "<group>"; };
		AD0D26E521BD47AE008AB4F8 /* main.swift */ = {isa = PBXFileReference; lastKnownFileType = sourcecode.swift; path = main.swift; sourceTree = "<group>"; };
		AD0D26E721BD47C1008AB4F8 /* input.swift */ = {isa = PBXFileReference; lastKnownFileType = sourcecode.swift; path = input.swift; sourceTree = "<group>"; };
		AD0D26EA21BE4201008AB4F8 /* main.swift */ = {isa = PBXFileReference; lastKnownFileType = sourcecode.swift; path = main.swift; sourceTree = "<group>"; };
		AD0D26EC21BE4214008AB4F8 /* input.swift */ = {isa = PBXFileReference; lastKnownFileType = sourcecode.swift; path = input.swift; sourceTree = "<group>"; };
		AD0D26EE21BE4389008AB4F8 /* particle.swift */ = {isa = PBXFileReference; lastKnownFileType = sourcecode.swift; path = particle.swift; sourceTree = "<group>"; };
		AD0D26F021BE6461008AB4F8 /* Day10.playground */ = {isa = PBXFileReference; lastKnownFileType = file.playground; path = Day10.playground; sourceTree = "<group>"; xcLanguageSpecificationIdentifier = xcode.lang.swift; };
		AD3AA71E21B9A7B2003977C4 /* Point.swift */ = {isa = PBXFileReference; lastKnownFileType = sourcecode.swift; path = Point.swift; sourceTree = "<group>"; };
		AD3AA72121BA39A3003977C4 /* main.swift */ = {isa = PBXFileReference; lastKnownFileType = sourcecode.swift; path = main.swift; sourceTree = "<group>"; };
		AD3AA72321BA39B0003977C4 /* input.swift */ = {isa = PBXFileReference; lastKnownFileType = sourcecode.swift; path = input.swift; sourceTree = "<group>"; };
		AD84BE3C21B50F0300E68087 /* main.swift */ = {isa = PBXFileReference; lastKnownFileType = sourcecode.swift; path = main.swift; sourceTree = "<group>"; };
		AD84BE3E21B50F0F00E68087 /* input.swift */ = {isa = PBXFileReference; lastKnownFileType = sourcecode.swift; path = input.swift; sourceTree = "<group>"; };
		ADAA98AE21B71F630009ABB9 /* StringExtentions.swift */ = {isa = PBXFileReference; lastKnownFileType = sourcecode.swift; path = StringExtentions.swift; sourceTree = "<group>"; };
		ADAA98B021B7260D0009ABB9 /* Tanspose.swift */ = {isa = PBXFileReference; lastKnownFileType = sourcecode.swift; path = Tanspose.swift; sourceTree = "<group>"; };
		ADAA98B321B7BB7B0009ABB9 /* main.swift */ = {isa = PBXFileReference; lastKnownFileType = sourcecode.swift; path = main.swift; sourceTree = "<group>"; };
		ADAA98B521B7BB810009ABB9 /* input.swift */ = {isa = PBXFileReference; lastKnownFileType = sourcecode.swift; path = input.swift; sourceTree = "<group>"; };
		ADB201CB21BBDDB3008D3137 /* Tree.swift */ = {isa = PBXFileReference; lastKnownFileType = sourcecode.swift; path = Tree.swift; sourceTree = "<group>"; };
		ADF738A621B64D9F00A1A56D /* input.swift */ = {isa = PBXFileReference; lastKnownFileType = sourcecode.swift; path = input.swift; sourceTree = "<group>"; };
		ADF738A821B64DA800A1A56D /* main.swift */ = {isa = PBXFileReference; lastKnownFileType = sourcecode.swift; path = main.swift; sourceTree = "<group>"; };
		ADFF3A4A21B40386006B084A /* AdventOfCode */ = {isa = PBXFileReference; explicitFileType = "compiled.mach-o.executable"; includeInIndex = 0; path = AdventOfCode; sourceTree = BUILT_PRODUCTS_DIR; };
		ADFF3A4D21B40386006B084A /* main.swift */ = {isa = PBXFileReference; lastKnownFileType = sourcecode.swift; path = main.swift; sourceTree = "<group>"; };
		ADFF3A5821B4043B006B084A /* input.swift */ = {isa = PBXFileReference; lastKnownFileType = sourcecode.swift; path = input.swift; sourceTree = "<group>"; };
		ADFF3A5B21B4095F006B084A /* main.swift */ = {isa = PBXFileReference; lastKnownFileType = sourcecode.swift; path = main.swift; sourceTree = "<group>"; };
		ADFF3A5D21B40981006B084A /* input.swift */ = {isa = PBXFileReference; lastKnownFileType = sourcecode.swift; path = input.swift; sourceTree = "<group>"; };
		ADFF3A5F21B409C8006B084A /* StringExtentions.swift */ = {isa = PBXFileReference; lastKnownFileType = sourcecode.swift; path = StringExtentions.swift; sourceTree = "<group>"; };
/* End PBXFileReference section */

/* Begin PBXFrameworksBuildPhase section */
		ADFF3A4721B40386006B084A /* Frameworks */ = {
			isa = PBXFrameworksBuildPhase;
			buildActionMask = 2147483647;
			files = (
			);
			runOnlyForDeploymentPostprocessing = 0;
		};
/* End PBXFrameworksBuildPhase section */

/* Begin PBXGroup section */
		AD0A48B021B94B5700226107 /* Day6 */ = {
			isa = PBXGroup;
			children = (
				AD0A48B321B94C9F00226107 /* main.swift */,
				AD3AA71E21B9A7B2003977C4 /* Point.swift */,
				AD0A48B121B94B8100226107 /* input.swift */,
			);
			path = Day6;
			sourceTree = "<group>";
		};
		AD0D26E421BD47A0008AB4F8 /* Day8 */ = {
			isa = PBXGroup;
			children = (
				AD0D26E521BD47AE008AB4F8 /* main.swift */,
				AD0D26E721BD47C1008AB4F8 /* input.swift */,
			);
			path = Day8;
			sourceTree = "<group>";
		};
		AD0D26E921BE41EF008AB4F8 /* Day10 */ = {
			isa = PBXGroup;
			children = (
				AD0D26F021BE6461008AB4F8 /* Day10.playground */,
				AD0D26EA21BE4201008AB4F8 /* main.swift */,
				AD0D26EC21BE4214008AB4F8 /* input.swift */,
				AD0D26EE21BE4389008AB4F8 /* particle.swift */,
			);
			path = Day10;
			sourceTree = "<group>";
		};
		AD3AA72021BA398F003977C4 /* Day7 */ = {
			isa = PBXGroup;
			children = (
				AD3AA72121BA39A3003977C4 /* main.swift */,
				AD3AA72321BA39B0003977C4 /* input.swift */,
			);
			path = Day7;
			sourceTree = "<group>";
		};
		AD84BE3B21B50ECD00E68087 /* Day3 */ = {
			isa = PBXGroup;
			children = (
				AD84BE3C21B50F0300E68087 /* main.swift */,
				AD84BE3E21B50F0F00E68087 /* input.swift */,
			);
			path = Day3;
			sourceTree = "<group>";
		};
		ADAA98B221B7BB660009ABB9 /* Day5 */ = {
			isa = PBXGroup;
			children = (
				ADAA98B321B7BB7B0009ABB9 /* main.swift */,
				ADAA98B521B7BB810009ABB9 /* input.swift */,
				AD0A480F21B7EE3600226107 /* String+ToggledCase.swift */,
			);
			path = Day5;
			sourceTree = "<group>";
		};
		ADF738A521B64D7F00A1A56D /* Day4 */ = {
			isa = PBXGroup;
			children = (
				ADF738A821B64DA800A1A56D /* main.swift */,
				ADF738A621B64D9F00A1A56D /* input.swift */,
			);
			path = Day4;
			sourceTree = "<group>";
		};
		ADFF3A4121B40386006B084A = {
			isa = PBXGroup;
			children = (
				ADFF3A4C21B40386006B084A /* AdventOfCode */,
				ADFF3A4B21B40386006B084A /* Products */,
			);
			sourceTree = "<group>";
		};
		ADFF3A4B21B40386006B084A /* Products */ = {
			isa = PBXGroup;
			children = (
				ADFF3A4A21B40386006B084A /* AdventOfCode */,
			);
			name = Products;
			sourceTree = "<group>";
		};
		ADFF3A4C21B40386006B084A /* AdventOfCode */ = {
			isa = PBXGroup;
			children = (
				ADFF3A5721B403FF006B084A /* Shared */,
				ADFF3A5621B403EC006B084A /* Day1 */,
				ADFF3A5A21B40942006B084A /* Day2 */,
				AD84BE3B21B50ECD00E68087 /* Day3 */,
				ADF738A521B64D7F00A1A56D /* Day4 */,
				ADAA98B221B7BB660009ABB9 /* Day5 */,
				AD0A48B021B94B5700226107 /* Day6 */,
				AD3AA72021BA398F003977C4 /* Day7 */,
				AD0D26E421BD47A0008AB4F8 /* Day8 */,
				AD0D26E921BE41EF008AB4F8 /* Day10 */,
			);
			path = AdventOfCode;
			sourceTree = "<group>";
		};
		ADFF3A5621B403EC006B084A /* Day1 */ = {
			isa = PBXGroup;
			children = (
				ADFF3A4D21B40386006B084A /* main.swift */,
				ADFF3A5821B4043B006B084A /* input.swift */,
			);
			path = Day1;
			sourceTree = "<group>";
		};
		ADFF3A5721B403FF006B084A /* Shared */ = {
			isa = PBXGroup;
			children = (
				ADAA98AE21B71F630009ABB9 /* StringExtentions.swift */,
				ADAA98B021B7260D0009ABB9 /* Tanspose.swift */,
				ADB201CB21BBDDB3008D3137 /* Tree.swift */,
			);
			path = Shared;
			sourceTree = "<group>";
		};
		ADFF3A5A21B40942006B084A /* Day2 */ = {
			isa = PBXGroup;
			children = (
				ADFF3A5B21B4095F006B084A /* main.swift */,
				ADFF3A5D21B40981006B084A /* input.swift */,
				ADFF3A5F21B409C8006B084A /* StringExtentions.swift */,
			);
			path = Day2;
			sourceTree = "<group>";
		};
/* End PBXGroup section */

/* Begin PBXNativeTarget section */
		ADFF3A4921B40386006B084A /* AdventOfCode */ = {
			isa = PBXNativeTarget;
			buildConfigurationList = ADFF3A5121B40386006B084A /* Build configuration list for PBXNativeTarget "AdventOfCode" */;
			buildPhases = (
				ADFF3A4621B40386006B084A /* Sources */,
				ADFF3A4721B40386006B084A /* Frameworks */,
				ADFF3A4821B40386006B084A /* CopyFiles */,
			);
			buildRules = (
			);
			dependencies = (
			);
			name = AdventOfCode;
			productName = AdventOfCode;
			productReference = ADFF3A4A21B40386006B084A /* AdventOfCode */;
			productType = "com.apple.product-type.tool";
		};
/* End PBXNativeTarget section */

/* Begin PBXProject section */
		ADFF3A4221B40386006B084A /* Project object */ = {
			isa = PBXProject;
			attributes = {
				LastSwiftUpdateCheck = 1010;
				LastUpgradeCheck = 1010;
				ORGANIZATIONNAME = "Anton Roslund";
				TargetAttributes = {
					ADFF3A4921B40386006B084A = {
						CreatedOnToolsVersion = 10.1;
						LastSwiftMigration = 1010;
					};
				};
			};
			buildConfigurationList = ADFF3A4521B40386006B084A /* Build configuration list for PBXProject "AdventOfCode" */;
			compatibilityVersion = "Xcode 9.3";
			developmentRegion = en;
			hasScannedForEncodings = 0;
			knownRegions = (
				en,
			);
			mainGroup = ADFF3A4121B40386006B084A;
			productRefGroup = ADFF3A4B21B40386006B084A /* Products */;
			projectDirPath = "";
			projectRoot = "";
			targets = (
				ADFF3A4921B40386006B084A /* AdventOfCode */,
			);
		};
/* End PBXProject section */

/* Begin PBXSourcesBuildPhase section */
		ADFF3A4621B40386006B084A /* Sources */ = {
			isa = PBXSourcesBuildPhase;
			buildActionMask = 2147483647;
			files = (
				AD0D26ED21BE4214008AB4F8 /* input.swift in Sources */,
				ADB201CC21BBDDB3008D3137 /* Tree.swift in Sources */,
				AD0D26EB21BE4201008AB4F8 /* main.swift in Sources */,
				AD0D26EF21BE4389008AB4F8 /* particle.swift in Sources */,
				ADAA98AF21B71F630009ABB9 /* StringExtentions.swift in Sources */,
				ADAA98B121B7260D0009ABB9 /* Tanspose.swift in Sources */,
			);
			runOnlyForDeploymentPostprocessing = 0;
		};
/* End PBXSourcesBuildPhase section */

/* Begin XCBuildConfiguration section */
		ADFF3A4F21B40386006B084A /* Debug */ = {
			isa = XCBuildConfiguration;
			buildSettings = {
				ALWAYS_SEARCH_USER_PATHS = NO;
				CLANG_ANALYZER_NONNULL = YES;
				CLANG_ANALYZER_NUMBER_OBJECT_CONVERSION = YES_AGGRESSIVE;
				CLANG_CXX_LANGUAGE_STANDARD = "gnu++14";
				CLANG_CXX_LIBRARY = "libc++";
				CLANG_ENABLE_MODULES = YES;
				CLANG_ENABLE_OBJC_ARC = YES;
				CLANG_ENABLE_OBJC_WEAK = YES;
				CLANG_WARN_BLOCK_CAPTURE_AUTORELEASING = YES;
				CLANG_WARN_BOOL_CONVERSION = YES;
				CLANG_WARN_COMMA = YES;
				CLANG_WARN_CONSTANT_CONVERSION = YES;
				CLANG_WARN_DEPRECATED_OBJC_IMPLEMENTATIONS = YES;
				CLANG_WARN_DIRECT_OBJC_ISA_USAGE = YES_ERROR;
				CLANG_WARN_DOCUMENTATION_COMMENTS = YES;
				CLANG_WARN_EMPTY_BODY = YES;
				CLANG_WARN_ENUM_CONVERSION = YES;
				CLANG_WARN_INFINITE_RECURSION = YES;
				CLANG_WARN_INT_CONVERSION = YES;
				CLANG_WARN_NON_LITERAL_NULL_CONVERSION = YES;
				CLANG_WARN_OBJC_IMPLICIT_RETAIN_SELF = YES;
				CLANG_WARN_OBJC_LITERAL_CONVERSION = YES;
				CLANG_WARN_OBJC_ROOT_CLASS = YES_ERROR;
				CLANG_WARN_RANGE_LOOP_ANALYSIS = YES;
				CLANG_WARN_STRICT_PROTOTYPES = YES;
				CLANG_WARN_SUSPICIOUS_MOVE = YES;
				CLANG_WARN_UNGUARDED_AVAILABILITY = YES_AGGRESSIVE;
				CLANG_WARN_UNREACHABLE_CODE = YES;
				CLANG_WARN__DUPLICATE_METHOD_MATCH = YES;
				CODE_SIGN_IDENTITY = "Mac Developer";
				COPY_PHASE_STRIP = NO;
				DEBUG_INFORMATION_FORMAT = dwarf;
				ENABLE_STRICT_OBJC_MSGSEND = YES;
				ENABLE_TESTABILITY = YES;
				GCC_C_LANGUAGE_STANDARD = gnu11;
				GCC_DYNAMIC_NO_PIC = NO;
				GCC_NO_COMMON_BLOCKS = YES;
				GCC_OPTIMIZATION_LEVEL = 0;
				GCC_PREPROCESSOR_DEFINITIONS = (
					"DEBUG=1",
					"$(inherited)",
				);
				GCC_WARN_64_TO_32_BIT_CONVERSION = YES;
				GCC_WARN_ABOUT_RETURN_TYPE = YES_ERROR;
				GCC_WARN_UNDECLARED_SELECTOR = YES;
				GCC_WARN_UNINITIALIZED_AUTOS = YES_AGGRESSIVE;
				GCC_WARN_UNUSED_FUNCTION = YES;
				GCC_WARN_UNUSED_VARIABLE = YES;
				MACOSX_DEPLOYMENT_TARGET = 10.14;
				MTL_ENABLE_DEBUG_INFO = INCLUDE_SOURCE;
				MTL_FAST_MATH = YES;
				ONLY_ACTIVE_ARCH = YES;
				SDKROOT = macosx;
				SWIFT_ACTIVE_COMPILATION_CONDITIONS = DEBUG;
				SWIFT_OPTIMIZATION_LEVEL = "-Onone";
			};
			name = Debug;
		};
		ADFF3A5021B40386006B084A /* Release */ = {
			isa = XCBuildConfiguration;
			buildSettings = {
				ALWAYS_SEARCH_USER_PATHS = NO;
				CLANG_ANALYZER_NONNULL = YES;
				CLANG_ANALYZER_NUMBER_OBJECT_CONVERSION = YES_AGGRESSIVE;
				CLANG_CXX_LANGUAGE_STANDARD = "gnu++14";
				CLANG_CXX_LIBRARY = "libc++";
				CLANG_ENABLE_MODULES = YES;
				CLANG_ENABLE_OBJC_ARC = YES;
				CLANG_ENABLE_OBJC_WEAK = YES;
				CLANG_WARN_BLOCK_CAPTURE_AUTORELEASING = YES;
				CLANG_WARN_BOOL_CONVERSION = YES;
				CLANG_WARN_COMMA = YES;
				CLANG_WARN_CONSTANT_CONVERSION = YES;
				CLANG_WARN_DEPRECATED_OBJC_IMPLEMENTATIONS = YES;
				CLANG_WARN_DIRECT_OBJC_ISA_USAGE = YES_ERROR;
				CLANG_WARN_DOCUMENTATION_COMMENTS = YES;
				CLANG_WARN_EMPTY_BODY = YES;
				CLANG_WARN_ENUM_CONVERSION = YES;
				CLANG_WARN_INFINITE_RECURSION = YES;
				CLANG_WARN_INT_CONVERSION = YES;
				CLANG_WARN_NON_LITERAL_NULL_CONVERSION = YES;
				CLANG_WARN_OBJC_IMPLICIT_RETAIN_SELF = YES;
				CLANG_WARN_OBJC_LITERAL_CONVERSION = YES;
				CLANG_WARN_OBJC_ROOT_CLASS = YES_ERROR;
				CLANG_WARN_RANGE_LOOP_ANALYSIS = YES;
				CLANG_WARN_STRICT_PROTOTYPES = YES;
				CLANG_WARN_SUSPICIOUS_MOVE = YES;
				CLANG_WARN_UNGUARDED_AVAILABILITY = YES_AGGRESSIVE;
				CLANG_WARN_UNREACHABLE_CODE = YES;
				CLANG_WARN__DUPLICATE_METHOD_MATCH = YES;
				CODE_SIGN_IDENTITY = "Mac Developer";
				COPY_PHASE_STRIP = NO;
				DEBUG_INFORMATION_FORMAT = "dwarf-with-dsym";
				ENABLE_NS_ASSERTIONS = NO;
				ENABLE_STRICT_OBJC_MSGSEND = YES;
				GCC_C_LANGUAGE_STANDARD = gnu11;
				GCC_NO_COMMON_BLOCKS = YES;
				GCC_WARN_64_TO_32_BIT_CONVERSION = YES;
				GCC_WARN_ABOUT_RETURN_TYPE = YES_ERROR;
				GCC_WARN_UNDECLARED_SELECTOR = YES;
				GCC_WARN_UNINITIALIZED_AUTOS = YES_AGGRESSIVE;
				GCC_WARN_UNUSED_FUNCTION = YES;
				GCC_WARN_UNUSED_VARIABLE = YES;
				MACOSX_DEPLOYMENT_TARGET = 10.14;
				MTL_ENABLE_DEBUG_INFO = NO;
				MTL_FAST_MATH = YES;
				SDKROOT = macosx;
				SWIFT_COMPILATION_MODE = wholemodule;
				SWIFT_OPTIMIZATION_LEVEL = "-O";
			};
			name = Release;
		};
		ADFF3A5221B40386006B084A /* Debug */ = {
			isa = XCBuildConfiguration;
			buildSettings = {
				CLANG_ENABLE_MODULES = YES;
				CODE_SIGN_STYLE = Automatic;
				DEVELOPMENT_TEAM = M5QH7FM2T9;
				LD_RUNPATH_SEARCH_PATHS = (
					"$(inherited)",
					"@executable_path/../Frameworks",
					"@loader_path/../Frameworks",
				);
				PRODUCT_NAME = "$(TARGET_NAME)";
				SWIFT_OPTIMIZATION_LEVEL = "-Onone";
				SWIFT_VERSION = 4.2;
			};
			name = Debug;
		};
		ADFF3A5321B40386006B084A /* Release */ = {
			isa = XCBuildConfiguration;
			buildSettings = {
				CLANG_ENABLE_MODULES = YES;
				CODE_SIGN_STYLE = Automatic;
				DEVELOPMENT_TEAM = M5QH7FM2T9;
				LD_RUNPATH_SEARCH_PATHS = (
					"$(inherited)",
					"@executable_path/../Frameworks",
					"@loader_path/../Frameworks",
				);
				PRODUCT_NAME = "$(TARGET_NAME)";
				SWIFT_VERSION = 4.2;
			};
			name = Release;
		};
/* End XCBuildConfiguration section */

/* Begin XCConfigurationList section */
		ADFF3A4521B40386006B084A /* Build configuration list for PBXProject "AdventOfCode" */ = {
			isa = XCConfigurationList;
			buildConfigurations = (
				ADFF3A4F21B40386006B084A /* Debug */,
				ADFF3A5021B40386006B084A /* Release */,
			);
			defaultConfigurationIsVisible = 0;
			defaultConfigurationName = Release;
		};
		ADFF3A5121B40386006B084A /* Build configuration list for PBXNativeTarget "AdventOfCode" */ = {
			isa = XCConfigurationList;
			buildConfigurations = (
				ADFF3A5221B40386006B084A /* Debug */,
				ADFF3A5321B40386006B084A /* Release */,
			);
			defaultConfigurationIsVisible = 0;
			defaultConfigurationName = Release;
		};
/* End XCConfigurationList section */
	};
	rootObject = ADFF3A4221B40386006B084A /* Project object */;
}
